
Microsoft Visual Studio Solution File, Format Version 12.00
# Visual Studio Version 17
VisualStudioVersion = 17.5.002.0
MinimumVisualStudioVersion = 10.0.40219.1
Project("{9A19103F-16F7-4668-BE54-9A1E7A4F7556}") = "Api.Contract.Ping", "Api.Contract.Ping\Api.Contract.Ping.csproj", "{FE4B784A-15BE-449F-B4B1-562ACC3FD401}"
EndProject
Project("{FAE04EC0-301F-11D3-BF4B-00C04F79EFBC}") = "Api.Contract", "Api.Contract\Api.Contract.csproj", "{C257AD8F-9F42-4BF4-B2DC-B4B62701DE50}"
EndProject
Project("{FAE04EC0-301F-11D3-BF4B-00C04F79EFBC}") = "Handler", "Handler\Handler.csproj", "{7ED81930-3AFB-42FA-B9C0-26D26CC36769}"
EndProject
Global
	GlobalSection(SolutionConfigurationPlatforms) = preSolution
		Debug|Any CPU = Debug|Any CPU
		Release|Any CPU = Release|Any CPU
	EndGlobalSection
	GlobalSection(ProjectConfigurationPlatforms) = postSolution
		{FE4B784A-15BE-449F-B4B1-562ACC3FD401}.Debug|Any CPU.ActiveCfg = Debug|Any CPU
		{FE4B784A-15BE-449F-B4B1-562ACC3FD401}.Debug|Any CPU.Build.0 = Debug|Any CPU
		{FE4B784A-15BE-449F-B4B1-562ACC3FD401}.Release|Any CPU.ActiveCfg = Release|Any CPU
		{FE4B784A-15BE-449F-B4B1-562ACC3FD401}.Release|Any CPU.Build.0 = Release|Any CPU
		{C257AD8F-9F42-4BF4-B2DC-B4B62701DE50}.Debug|Any CPU.ActiveCfg = Debug|Any CPU
		{C257AD8F-9F42-4BF4-B2DC-B4B62701DE50}.Debug|Any CPU.Build.0 = Debug|Any CPU
		{C257AD8F-9F42-4BF4-B2DC-B4B62701DE50}.Release|Any CPU.ActiveCfg = Release|Any CPU
		{C257AD8F-9F42-4BF4-B2DC-B4B62701DE50}.Release|Any CPU.Build.0 = Release|Any CPU
		{7ED81930-3AFB-42FA-B9C0-26D26CC36769}.Debug|Any CPU.ActiveCfg = Debug|Any CPU
		{7ED81930-3AFB-42FA-B9C0-26D26CC36769}.Debug|Any CPU.Build.0 = Debug|Any CPU
		{7ED81930-3AFB-42FA-B9C0-26D26CC36769}.Release|Any CPU.ActiveCfg = Release|Any CPU
		{7ED81930-3AFB-42FA-B9C0-26D26CC36769}.Release|Any CPU.Build.0 = Release|Any CPU
	EndGlobalSection
	GlobalSection(SolutionProperties) = preSolution
		HideSolutionNode = FALSE
	EndGlobalSection
	GlobalSection(ExtensibilityGlobals) = postSolution
		SolutionGuid = {BB0E69D2-F790-4003-9F88-A5AC46D4B707}
	EndGlobalSection
EndGlobal
